
Microsoft Visual Studio Solution File, Format Version 12.00
# Visual Studio Version 16
VisualStudioVersion = 16.0.30413.136
MinimumVisualStudioVersion = 10.0.40219.1
Project("{8BC9CEB8-8B4A-11D0-8D11-00A0C91BC942}") = "TestGit_1", "TestGit_1\TestGit_1.vcxproj", "{DF0C3654-2ED2-4C04-B160-0E3B5A0C1BB2}"
EndProject
Global
	GlobalSection(SolutionConfigurationPlatforms) = preSolution
		Debug|x64 = Debug|x64
		Debug|x86 = Debug|x86
		Release|x64 = Release|x64
		Release|x86 = Release|x86
	EndGlobalSection
	GlobalSection(ProjectConfigurationPlatforms) = postSolution
		{DF0C3654-2ED2-4C04-B160-0E3B5A0C1BB2}.Debug|x64.ActiveCfg = Debug|x64
		{DF0C3654-2ED2-4C04-B160-0E3B5A0C1BB2}.Debug|x64.Build.0 = Debug|x64
		{DF0C3654-2ED2-4C04-B160-0E3B5A0C1BB2}.Debug|x86.ActiveCfg = Debug|Win32
		{DF0C3654-2ED2-4C04-B160-0E3B5A0C1BB2}.Debug|x86.Build.0 = Debug|Win32
		{DF0C3654-2ED2-4C04-B160-0E3B5A0C1BB2}.Release|x64.ActiveCfg = Release|x64
		{DF0C3654-2ED2-4C04-B160-0E3B5A0C1BB2}.Release|x64.Build.0 = Release|x64
		{DF0C3654-2ED2-4C04-B160-0E3B5A0C1BB2}.Release|x86.ActiveCfg = Release|Win32
		{DF0C3654-2ED2-4C04-B160-0E3B5A0C1BB2}.Release|x86.Build.0 = Release|Win32
	EndGlobalSection
	GlobalSection(SolutionProperties) = preSolution
		HideSolutionNode = FALSE
	EndGlobalSection
	GlobalSection(ExtensibilityGlobals) = postSolution
		SolutionGuid = {C67F0061-2086-4A46-B195-409A5CB92EB7}
	EndGlobalSection
EndGlobal
